
Microsoft Visual Studio Solution File, Format Version 12.00
# Visual Studio Version 17
VisualStudioVersion = 17.11.35312.102
MinimumVisualStudioVersion = 10.0.40219.1
Project("{9A19103F-16F7-4668-BE54-9A1E7A4F7556}") = "ProductAPI", "ProductsBDD\ProductAPI.csproj", "{9718A2FC-F120-4273-A3AF-3B654EF50D65}"
EndProject
Project("{FAE04EC0-301F-11D3-BF4B-00C04F79EFBC}") = "ProductAPI.Test", "ProductAPI.Test\ProductAPI.Test.csproj", "{CE72F508-3FD0-41AE-83BD-C75FC4B41C7E}"
EndProject
Global
	GlobalSection(SolutionConfigurationPlatforms) = preSolution
		Debug|Any CPU = Debug|Any CPU
		Release|Any CPU = Release|Any CPU
	EndGlobalSection
	GlobalSection(ProjectConfigurationPlatforms) = postSolution
		{9718A2FC-F120-4273-A3AF-3B654EF50D65}.Debug|Any CPU.ActiveCfg = Debug|Any CPU
		{9718A2FC-F120-4273-A3AF-3B654EF50D65}.Debug|Any CPU.Build.0 = Debug|Any CPU
		{9718A2FC-F120-4273-A3AF-3B654EF50D65}.Release|Any CPU.ActiveCfg = Release|Any CPU
		{9718A2FC-F120-4273-A3AF-3B654EF50D65}.Release|Any CPU.Build.0 = Release|Any CPU
		{CE72F508-3FD0-41AE-83BD-C75FC4B41C7E}.Debug|Any CPU.ActiveCfg = Debug|Any CPU
		{CE72F508-3FD0-41AE-83BD-C75FC4B41C7E}.Debug|Any CPU.Build.0 = Debug|Any CPU
		{CE72F508-3FD0-41AE-83BD-C75FC4B41C7E}.Release|Any CPU.ActiveCfg = Release|Any CPU
		{CE72F508-3FD0-41AE-83BD-C75FC4B41C7E}.Release|Any CPU.Build.0 = Release|Any CPU
	EndGlobalSection
	GlobalSection(SolutionProperties) = preSolution
		HideSolutionNode = FALSE
	EndGlobalSection
	GlobalSection(ExtensibilityGlobals) = postSolution
		SolutionGuid = {703F5869-1A7D-4069-A3EA-681F20E054F4}
	EndGlobalSection
EndGlobal
